
Microsoft Visual Studio Solution File, Format Version 12.00
Project("{FAE04EC0-301F-11D3-BF4B-00C04F79EFBC}") = "SecondPrueba", "SecondPrueba\SecondPrueba.csproj", "{EBCD6448-B8DD-41CF-9F29-C0A825D57404}"
EndProject
Global
	GlobalSection(SolutionConfigurationPlatforms) = preSolution
		Debug|Any CPU = Debug|Any CPU
		Release|Any CPU = Release|Any CPU
	EndGlobalSection
	GlobalSection(ProjectConfigurationPlatforms) = postSolution
		{EBCD6448-B8DD-41CF-9F29-C0A825D57404}.Debug|Any CPU.ActiveCfg = Debug|Any CPU
		{EBCD6448-B8DD-41CF-9F29-C0A825D57404}.Debug|Any CPU.Build.0 = Debug|Any CPU
		{EBCD6448-B8DD-41CF-9F29-C0A825D57404}.Release|Any CPU.ActiveCfg = Release|Any CPU
		{EBCD6448-B8DD-41CF-9F29-C0A825D57404}.Release|Any CPU.Build.0 = Release|Any CPU
	EndGlobalSection
EndGlobal
